
Microsoft Visual Studio Solution File, Format Version 12.00
# Visual Studio Version 16
VisualStudioVersion = 16.0.30523.141
MinimumVisualStudioVersion = 10.0.40219.1
Project("{9A19103F-16F7-4668-BE54-9A1E7A4F7556}") = "SwidnikHackaton.API", "SwidnikHackaton.API\SwidnikHackaton.API.csproj", "{BB651263-1112-44D1-8403-73DDAF707E78}"
EndProject
Project("{FAE04EC0-301F-11D3-BF4B-00C04F79EFBC}") = "SwidnikHackaton.DB2", "SwidnikHackaton.DB2\SwidnikHackaton.DB2.csproj", "{D5F1F081-5DDE-4C73-8C5A-FBF6366B80E2}"
EndProject
Project("{FAE04EC0-301F-11D3-BF4B-00C04F79EFBC}") = "SwidnikHackaton.AndroidApp", "SwidnikHackaton.AndroidApp\SwidnikHackaton.AndroidApp.csproj", "{B4AECD58-CEC0-4A78-859E-6BE0966180BB}"
EndProject
Global
	GlobalSection(SolutionConfigurationPlatforms) = preSolution
		Debug|Any CPU = Debug|Any CPU
		Release|Any CPU = Release|Any CPU
	EndGlobalSection
	GlobalSection(ProjectConfigurationPlatforms) = postSolution
		{BB651263-1112-44D1-8403-73DDAF707E78}.Debug|Any CPU.ActiveCfg = Debug|Any CPU
		{BB651263-1112-44D1-8403-73DDAF707E78}.Debug|Any CPU.Build.0 = Debug|Any CPU
		{BB651263-1112-44D1-8403-73DDAF707E78}.Release|Any CPU.ActiveCfg = Release|Any CPU
		{BB651263-1112-44D1-8403-73DDAF707E78}.Release|Any CPU.Build.0 = Release|Any CPU
		{D5F1F081-5DDE-4C73-8C5A-FBF6366B80E2}.Debug|Any CPU.ActiveCfg = Debug|Any CPU
		{D5F1F081-5DDE-4C73-8C5A-FBF6366B80E2}.Debug|Any CPU.Build.0 = Debug|Any CPU
		{D5F1F081-5DDE-4C73-8C5A-FBF6366B80E2}.Release|Any CPU.ActiveCfg = Release|Any CPU
		{D5F1F081-5DDE-4C73-8C5A-FBF6366B80E2}.Release|Any CPU.Build.0 = Release|Any CPU
		{B4AECD58-CEC0-4A78-859E-6BE0966180BB}.Debug|Any CPU.ActiveCfg = Debug|Any CPU
		{B4AECD58-CEC0-4A78-859E-6BE0966180BB}.Debug|Any CPU.Build.0 = Debug|Any CPU
		{B4AECD58-CEC0-4A78-859E-6BE0966180BB}.Debug|Any CPU.Deploy.0 = Debug|Any CPU
		{B4AECD58-CEC0-4A78-859E-6BE0966180BB}.Release|Any CPU.ActiveCfg = Release|Any CPU
		{B4AECD58-CEC0-4A78-859E-6BE0966180BB}.Release|Any CPU.Build.0 = Release|Any CPU
		{B4AECD58-CEC0-4A78-859E-6BE0966180BB}.Release|Any CPU.Deploy.0 = Release|Any CPU
	EndGlobalSection
	GlobalSection(SolutionProperties) = preSolution
		HideSolutionNode = FALSE
	EndGlobalSection
	GlobalSection(ExtensibilityGlobals) = postSolution
		SolutionGuid = {87D0467C-842C-4829-8D5A-DD9160B1E96E}
	EndGlobalSection
EndGlobal
